<?xml version="1.0" encoding="utf-8"?>
<Project ToolsVersion="4.0" xmlns="http://schemas.microsoft.com/developer/msbuild/2003">
  <ItemGroup>
    <Filter Include="Source Files">
      <UniqueIdentifier>{4FC737F1-C7A5-4376-A066-2A32D752A2FF}</UniqueIdentifier>
      <Extensions>cpp;c;cc;cxx;def;odl;idl;hpj;bat;asm;asmx</Extensions>
    </Filter>
    <Filter Include="Header Files">
      <UniqueIdentifier>{93995380-89BD-4b04-88EB-625FBE52EBFB}</UniqueIdentifier>
      <Extensions>h;hh;hpp;hxx;hm;inl;inc;ipp;xsd</Extensions>
    </Filter>
    <Filter Include="Resource Files">
      <UniqueIdentifier>{67DA6AB6-F800-4c08-8B7A-83BB121AAD01}</UniqueIdentifier>
      <Extensions>rc;ico;cur;bmp;dlg;rc2;rct;bin;rgs;gif;jpg;jpeg;jpe;resx;tiff;tif;png;wav;mfcribbon-ms</Extensions>
    </Filter>
    <Filter Include="Source Files\Shapes">
      <UniqueIdentifier>{4c9d257d-635b-4a87-a708-b7da23fba585}</UniqueIdentifier>
    </Filter>
    <Filter Include="Source Files\Data Containers">
      <UniqueIdentifier>{f7607554-bd65-402d-b9fb-8782dee4d15b}</UniqueIdentifier>
    </Filter>
    <Filter Include="Header Files\Shapes">
      <UniqueIdentifier>{173974cd-f6fd-43d1-890d-33b330a430bb}</UniqueIdentifier>
    </Filter>
    <Filter Include="Header Files\Abstracts">
      <UniqueIdentifier>{5e96fec3-98b7-4988-a65a-79524c438990}</UniqueIdentifier>
    </Filter>
  </ItemGroup>
  <ItemGroup>
    <ClCompile Include="Driver.cpp">
      <Filter>Source Files</Filter>
    </ClCompile>
    <ClCompile Include="Circle.cpp">
      <Filter>Source Files\Shapes</Filter>
    </ClCompile>
    <ClCompile Include="Rectangle.cpp">
      <Filter>Source Files\Shapes</Filter>
    </ClCompile>
    <ClCompile Include="Square.cpp">
      <Filter>Source Files\Shapes</Filter>
    </ClCompile>
    <ClCompile Include="Point.cpp">
      <Filter>Source Files\Data Containers</Filter>
    </ClCompile>
    <ClCompile Include="Shape.cpp">
      <Filter>Source Files\Shapes</Filter>
    </ClCompile>
  </ItemGroup>
  <ItemGroup>
    <ClInclude Include="Circle.h">
      <Filter>Header Files\Shapes</Filter>
    </ClInclude>
    <ClInclude Include="Rectangle.h">
      <Filter>Header Files\Shapes</Filter>
    </ClInclude>
    <ClInclude Include="Square.h">
      <Filter>Header Files\Shapes</Filter>
    </ClInclude>
    <ClInclude Include="Shape.h">
      <Filter>Header Files\Shapes</Filter>
    </ClInclude>
    <ClInclude Include="Movable.h">
      <Filter>Header Files\Abstracts</Filter>
    </ClInclude>
    <ClInclude Include="Point.h">
      <Filter>Header Files\Abstracts</Filter>
    </ClInclude>
  </ItemGroup>
  <ItemGroup>
    <None Include="ClassDiagram.cd" />
  </ItemGroup>
</Project>